
Microsoft Visual Studio Solution File, Format Version 12.00
# Visual Studio 15
VisualStudioVersion = 15.0.27428.2037
MinimumVisualStudioVersion = 10.0.40219.1
Project("{9A19103F-16F7-4668-BE54-9A1E7A4F7556}") = "DSerfozo.CefGlue.Contract", "src\DSerfozo.CefGlue.Contract\DSerfozo.CefGlue.Contract.csproj", "{47623444-198B-43FD-9A9D-655F6E077130}"
EndProject
Global
	GlobalSection(SolutionConfigurationPlatforms) = preSolution
		Debug|Any CPU = Debug|Any CPU
		Release|Any CPU = Release|Any CPU
	EndGlobalSection
	GlobalSection(ProjectConfigurationPlatforms) = postSolution
		{47623444-198B-43FD-9A9D-655F6E077130}.Debug|Any CPU.ActiveCfg = Debug|Any CPU
		{47623444-198B-43FD-9A9D-655F6E077130}.Debug|Any CPU.Build.0 = Debug|Any CPU
		{47623444-198B-43FD-9A9D-655F6E077130}.Release|Any CPU.ActiveCfg = Release|Any CPU
		{47623444-198B-43FD-9A9D-655F6E077130}.Release|Any CPU.Build.0 = Release|Any CPU
	EndGlobalSection
	GlobalSection(SolutionProperties) = preSolution
		HideSolutionNode = FALSE
	EndGlobalSection
	GlobalSection(ExtensibilityGlobals) = postSolution
		SolutionGuid = {895AFD33-D741-4540-84A6-C95538E41A89}
	EndGlobalSection
EndGlobal
